
Microsoft Visual Studio Solution File, Format Version 12.00
# Visual Studio 15
VisualStudioVersion = 15.0.26430.16
MinimumVisualStudioVersion = 10.0.40219.1
Project("{FAE04EC0-301F-11D3-BF4B-00C04F79EFBC}") = "NoFlush", "NoFlush\NoFlush.csproj", "{9D21F0BD-9CCE-440A-9E79-4CEF87AA3E8F}"
EndProject
Project("{FAE04EC0-301F-11D3-BF4B-00C04F79EFBC}") = "SyncFlush", "SyncFlush\SyncFlush.csproj", "{24396D0D-71FB-4F15-942E-1EBC9E8CB308}"
EndProject
Project("{FAE04EC0-301F-11D3-BF4B-00C04F79EFBC}") = "AsyncFlush", "AsyncFlush\AsyncFlush.csproj", "{84EFC7A7-2077-4598-946B-393D84CD6E94}"
EndProject
Global
	GlobalSection(SolutionConfigurationPlatforms) = preSolution
		Debug|Any CPU = Debug|Any CPU
		Release|Any CPU = Release|Any CPU
	EndGlobalSection
	GlobalSection(ProjectConfigurationPlatforms) = postSolution
		{9D21F0BD-9CCE-440A-9E79-4CEF87AA3E8F}.Debug|Any CPU.ActiveCfg = Debug|Any CPU
		{9D21F0BD-9CCE-440A-9E79-4CEF87AA3E8F}.Debug|Any CPU.Build.0 = Debug|Any CPU
		{9D21F0BD-9CCE-440A-9E79-4CEF87AA3E8F}.Release|Any CPU.ActiveCfg = Release|Any CPU
		{9D21F0BD-9CCE-440A-9E79-4CEF87AA3E8F}.Release|Any CPU.Build.0 = Release|Any CPU
		{24396D0D-71FB-4F15-942E-1EBC9E8CB308}.Debug|Any CPU.ActiveCfg = Debug|Any CPU
		{24396D0D-71FB-4F15-942E-1EBC9E8CB308}.Debug|Any CPU.Build.0 = Debug|Any CPU
		{24396D0D-71FB-4F15-942E-1EBC9E8CB308}.Release|Any CPU.ActiveCfg = Release|Any CPU
		{24396D0D-71FB-4F15-942E-1EBC9E8CB308}.Release|Any CPU.Build.0 = Release|Any CPU
		{84EFC7A7-2077-4598-946B-393D84CD6E94}.Debug|Any CPU.ActiveCfg = Debug|Any CPU
		{84EFC7A7-2077-4598-946B-393D84CD6E94}.Debug|Any CPU.Build.0 = Debug|Any CPU
		{84EFC7A7-2077-4598-946B-393D84CD6E94}.Release|Any CPU.ActiveCfg = Release|Any CPU
		{84EFC7A7-2077-4598-946B-393D84CD6E94}.Release|Any CPU.Build.0 = Release|Any CPU
	EndGlobalSection
	GlobalSection(SolutionProperties) = preSolution
		HideSolutionNode = FALSE
	EndGlobalSection
EndGlobal
